
Microsoft Visual Studio Solution File, Format Version 10.00
# Visual Studio 2008
Project("{FAE04EC0-301F-11D3-BF4B-00C04F79EFBC}") = "TestsCF.NU", "TestsCF.NU\TestsCF.NU.csproj", "{07EED47D-585C-46C3-A923-F6718716918B}"
EndProject
Project("{FAE04EC0-301F-11D3-BF4B-00C04F79EFBC}") = "IwQuick", "IwQuick\IwQuick.csproj", "{5775202E-96B4-44E8-904D-625154D7D524}"
EndProject
Project("{FAE04EC0-301F-11D3-BF4B-00C04F79EFBC}") = "IwQuickCF", "IwQuick\IwQuickCF.csproj", "{ADD9AAB8-D3B4-4A89-9D1B-5A1A6FBEFAC1}"
EndProject
Project("{FAE04EC0-301F-11D3-BF4B-00C04F79EFBC}") = "LPC3250Drivers", "LPC3250Drivers\LPC3250Drivers.csproj", "{7CA5C345-EF94-4CE8-A0E8-469ED55AE8EF}"
EndProject
Project("{FAE04EC0-301F-11D3-BF4B-00C04F79EFBC}") = "Cgp.NCAS.DCUfromCCUTester", "Cgp.NCAS.DCUformCCUTester\Cgp.NCAS.DCUfromCCUTester.csproj", "{6737AA12-9804-46CF-B88A-578FD8209887}"
EndProject
Project("{FAE04EC0-301F-11D3-BF4B-00C04F79EFBC}") = "InterCommDrivers", "InterCommDrivers\InterCommDrivers.csproj", "{8240E6B3-6283-4C68-B2A2-8FEDD3C6D121}"
EndProject
Project("{FAE04EC0-301F-11D3-BF4B-00C04F79EFBC}") = "ClspDriversDefinitions", "ClspDrivers\ClspDriversDefinitions.csproj", "{DD7714D8-C1A8-446F-9244-727EFBD2D284}"
EndProject
Project("{FAE04EC0-301F-11D3-BF4B-00C04F79EFBC}") = "ClspHwc.Tests", "ClspHwc.Tests\ClspHwc.Tests.csproj", "{9497B497-58AB-48C1-84E1-81376343A543}"
EndProject
Project("{FAE04EC0-301F-11D3-BF4B-00C04F79EFBC}") = "ClspDrivers", "..\CGP-NCAS 2.0 SimpleTcpFixes\ClspDrivers\ClspDrivers.csproj", "{8040B269-5B1B-4F10-82FF-555E3379B060}"
EndProject
Project("{FAE04EC0-301F-11D3-BF4B-00C04F79EFBC}") = "NodeDataProtocol", "..\CGP-NCAS 2.0 SimpleTcpFixes\NodeDataProtocol\NodeDataProtocol.csproj", "{3D6CFE32-CED7-4BAC-97E7-FE41E1339234}"
EndProject
Project("{FAE04EC0-301F-11D3-BF4B-00C04F79EFBC}") = "CardReaderDrivers", "..\CGP-NCAS 2.0 SimpleTcpFixes\CardReaderDrivers\CardReaderDrivers.csproj", "{2083084F-559D-4C3C-A4A0-A4B9A5E77BEC}"
EndProject
Project("{FAE04EC0-301F-11D3-BF4B-00C04F79EFBC}") = "CardReaderDriversDefinitions", "..\CGP-NCAS 2.0 SimpleTcpFixes\CardReaderDrivers\CardReaderDriversDefinitions.csproj", "{0C2C72AB-24FA-439F-839C-E32D31B26D06}"
EndProject
Project("{FAE04EC0-301F-11D3-BF4B-00C04F79EFBC}") = "Cgp.NCAS.GlobalsCF", "..\CGP-NCAS 2.0 SimpleTcpFixes\Cgp.NCAS.Globals\Cgp.NCAS.GlobalsCF.csproj", "{09782216-EB53-4E3E-8DE0-33B7672618E0}"
EndProject
Project("{FAE04EC0-301F-11D3-BF4B-00C04F79EFBC}") = "Cgp.NCAS.DefinitionsCF", "..\CGP-NCAS 2.0 SimpleTcpFixes\Cgp.NCAS.Definitions\Cgp.NCAS.DefinitionsCF.csproj", "{7A441AF7-53A8-4D8B-A9E7-4E6BC8671E45}"
EndProject
Project("{FAE04EC0-301F-11D3-BF4B-00C04F79EFBC}") = "SharedIOtests", "SharedIOtests\SharedIOtests.csproj", "{A7CB6920-74F1-419C-AC12-AC323BCC484B}"
EndProject
Global
	GlobalSection(SolutionConfigurationPlatforms) = preSolution
		Debug - EMULATOR|Any CPU = Debug - EMULATOR|Any CPU
		Debug|Any CPU = Debug|Any CPU
		Designer|Any CPU = Designer|Any CPU
		Release - Setup|Any CPU = Release - Setup|Any CPU
		Release (Special)|Any CPU = Release (Special)|Any CPU
		Release|Any CPU = Release|Any CPU
	EndGlobalSection
	GlobalSection(ProjectConfigurationPlatforms) = postSolution
		{07EED47D-585C-46C3-A923-F6718716918B}.Debug - EMULATOR|Any CPU.ActiveCfg = Debug|Any CPU
		{07EED47D-585C-46C3-A923-F6718716918B}.Debug - EMULATOR|Any CPU.Build.0 = Debug|Any CPU
		{07EED47D-585C-46C3-A923-F6718716918B}.Debug|Any CPU.ActiveCfg = Debug|Any CPU
		{07EED47D-585C-46C3-A923-F6718716918B}.Debug|Any CPU.Build.0 = Debug|Any CPU
		{07EED47D-585C-46C3-A923-F6718716918B}.Designer|Any CPU.ActiveCfg = Debug|Any CPU
		{07EED47D-585C-46C3-A923-F6718716918B}.Designer|Any CPU.Build.0 = Debug|Any CPU
		{07EED47D-585C-46C3-A923-F6718716918B}.Release - Setup|Any CPU.ActiveCfg = Release|Any CPU
		{07EED47D-585C-46C3-A923-F6718716918B}.Release - Setup|Any CPU.Build.0 = Release|Any CPU
		{07EED47D-585C-46C3-A923-F6718716918B}.Release (Special)|Any CPU.ActiveCfg = Release|Any CPU
		{07EED47D-585C-46C3-A923-F6718716918B}.Release (Special)|Any CPU.Build.0 = Release|Any CPU
		{07EED47D-585C-46C3-A923-F6718716918B}.Release|Any CPU.ActiveCfg = Release|Any CPU
		{07EED47D-585C-46C3-A923-F6718716918B}.Release|Any CPU.Build.0 = Release|Any CPU
		{5775202E-96B4-44E8-904D-625154D7D524}.Debug - EMULATOR|Any CPU.ActiveCfg = Debug|Any CPU
		{5775202E-96B4-44E8-904D-625154D7D524}.Debug - EMULATOR|Any CPU.Build.0 = Debug|Any CPU
		{5775202E-96B4-44E8-904D-625154D7D524}.Debug|Any CPU.ActiveCfg = Debug|Any CPU
		{5775202E-96B4-44E8-904D-625154D7D524}.Debug|Any CPU.Build.0 = Debug|Any CPU
		{5775202E-96B4-44E8-904D-625154D7D524}.Designer|Any CPU.ActiveCfg = Designer|Any CPU
		{5775202E-96B4-44E8-904D-625154D7D524}.Designer|Any CPU.Build.0 = Designer|Any CPU
		{5775202E-96B4-44E8-904D-625154D7D524}.Release - Setup|Any CPU.ActiveCfg = Release|Any CPU
		{5775202E-96B4-44E8-904D-625154D7D524}.Release - Setup|Any CPU.Build.0 = Release|Any CPU
		{5775202E-96B4-44E8-904D-625154D7D524}.Release (Special)|Any CPU.ActiveCfg = Release|Any CPU
		{5775202E-96B4-44E8-904D-625154D7D524}.Release (Special)|Any CPU.Build.0 = Release|Any CPU
		{5775202E-96B4-44E8-904D-625154D7D524}.Release|Any CPU.ActiveCfg = Release|Any CPU
		{5775202E-96B4-44E8-904D-625154D7D524}.Release|Any CPU.Build.0 = Release|Any CPU
		{ADD9AAB8-D3B4-4A89-9D1B-5A1A6FBEFAC1}.Debug - EMULATOR|Any CPU.ActiveCfg = Debug|Any CPU
		{ADD9AAB8-D3B4-4A89-9D1B-5A1A6FBEFAC1}.Debug - EMULATOR|Any CPU.Build.0 = Debug|Any CPU
		{ADD9AAB8-D3B4-4A89-9D1B-5A1A6FBEFAC1}.Debug|Any CPU.ActiveCfg = Debug|Any CPU
		{ADD9AAB8-D3B4-4A89-9D1B-5A1A6FBEFAC1}.Debug|Any CPU.Build.0 = Debug|Any CPU
		{ADD9AAB8-D3B4-4A89-9D1B-5A1A6FBEFAC1}.Designer|Any CPU.ActiveCfg = Designer|Any CPU
		{ADD9AAB8-D3B4-4A89-9D1B-5A1A6FBEFAC1}.Designer|Any CPU.Build.0 = Designer|Any CPU
		{ADD9AAB8-D3B4-4A89-9D1B-5A1A6FBEFAC1}.Release - Setup|Any CPU.ActiveCfg = Release - Setup|Any CPU
		{ADD9AAB8-D3B4-4A89-9D1B-5A1A6FBEFAC1}.Release - Setup|Any CPU.Build.0 = Release - Setup|Any CPU
		{ADD9AAB8-D3B4-4A89-9D1B-5A1A6FBEFAC1}.Release (Special)|Any CPU.ActiveCfg = Release (Special)|Any CPU
		{ADD9AAB8-D3B4-4A89-9D1B-5A1A6FBEFAC1}.Release (Special)|Any CPU.Build.0 = Release (Special)|Any CPU
		{ADD9AAB8-D3B4-4A89-9D1B-5A1A6FBEFAC1}.Release|Any CPU.ActiveCfg = Release|Any CPU
		{ADD9AAB8-D3B4-4A89-9D1B-5A1A6FBEFAC1}.Release|Any CPU.Build.0 = Release|Any CPU
		{7CA5C345-EF94-4CE8-A0E8-469ED55AE8EF}.Debug - EMULATOR|Any CPU.ActiveCfg = Debug - EMULATOR|Any CPU
		{7CA5C345-EF94-4CE8-A0E8-469ED55AE8EF}.Debug - EMULATOR|Any CPU.Build.0 = Debug - EMULATOR|Any CPU
		{7CA5C345-EF94-4CE8-A0E8-469ED55AE8EF}.Debug|Any CPU.ActiveCfg = Debug|Any CPU
		{7CA5C345-EF94-4CE8-A0E8-469ED55AE8EF}.Debug|Any CPU.Build.0 = Debug|Any CPU
		{7CA5C345-EF94-4CE8-A0E8-469ED55AE8EF}.Designer|Any CPU.ActiveCfg = Debug - EMULATOR|Any CPU
		{7CA5C345-EF94-4CE8-A0E8-469ED55AE8EF}.Designer|Any CPU.Build.0 = Debug - EMULATOR|Any CPU
		{7CA5C345-EF94-4CE8-A0E8-469ED55AE8EF}.Release - Setup|Any CPU.ActiveCfg = Release - Setup|Any CPU
		{7CA5C345-EF94-4CE8-A0E8-469ED55AE8EF}.Release - Setup|Any CPU.Build.0 = Release - Setup|Any CPU
		{7CA5C345-EF94-4CE8-A0E8-469ED55AE8EF}.Release (Special)|Any CPU.ActiveCfg = Release (Special)|Any CPU
		{7CA5C345-EF94-4CE8-A0E8-469ED55AE8EF}.Release (Special)|Any CPU.Build.0 = Release (Special)|Any CPU
		{7CA5C345-EF94-4CE8-A0E8-469ED55AE8EF}.Release|Any CPU.ActiveCfg = Release|Any CPU
		{7CA5C345-EF94-4CE8-A0E8-469ED55AE8EF}.Release|Any CPU.Build.0 = Release|Any CPU
		{6737AA12-9804-46CF-B88A-578FD8209887}.Debug - EMULATOR|Any CPU.ActiveCfg = Debug|Any CPU
		{6737AA12-9804-46CF-B88A-578FD8209887}.Debug - EMULATOR|Any CPU.Build.0 = Debug|Any CPU
		{6737AA12-9804-46CF-B88A-578FD8209887}.Debug - EMULATOR|Any CPU.Deploy.0 = Debug|Any CPU
		{6737AA12-9804-46CF-B88A-578FD8209887}.Debug|Any CPU.ActiveCfg = Debug|Any CPU
		{6737AA12-9804-46CF-B88A-578FD8209887}.Debug|Any CPU.Build.0 = Debug|Any CPU
		{6737AA12-9804-46CF-B88A-578FD8209887}.Debug|Any CPU.Deploy.0 = Debug|Any CPU
		{6737AA12-9804-46CF-B88A-578FD8209887}.Designer|Any CPU.ActiveCfg = Debug|Any CPU
		{6737AA12-9804-46CF-B88A-578FD8209887}.Designer|Any CPU.Build.0 = Debug|Any CPU
		{6737AA12-9804-46CF-B88A-578FD8209887}.Designer|Any CPU.Deploy.0 = Debug|Any CPU
		{6737AA12-9804-46CF-B88A-578FD8209887}.Release - Setup|Any CPU.ActiveCfg = Release - Setup|Any CPU
		{6737AA12-9804-46CF-B88A-578FD8209887}.Release - Setup|Any CPU.Build.0 = Release - Setup|Any CPU
		{6737AA12-9804-46CF-B88A-578FD8209887}.Release - Setup|Any CPU.Deploy.0 = Release - Setup|Any CPU
		{6737AA12-9804-46CF-B88A-578FD8209887}.Release (Special)|Any CPU.ActiveCfg = Release (Special)|Any CPU
		{6737AA12-9804-46CF-B88A-578FD8209887}.Release (Special)|Any CPU.Build.0 = Release (Special)|Any CPU
		{6737AA12-9804-46CF-B88A-578FD8209887}.Release (Special)|Any CPU.Deploy.0 = Release (Special)|Any CPU
		{6737AA12-9804-46CF-B88A-578FD8209887}.Release|Any CPU.ActiveCfg = Release|Any CPU
		{6737AA12-9804-46CF-B88A-578FD8209887}.Release|Any CPU.Build.0 = Release|Any CPU
		{6737AA12-9804-46CF-B88A-578FD8209887}.Release|Any CPU.Deploy.0 = Release|Any CPU
		{8240E6B3-6283-4C68-B2A2-8FEDD3C6D121}.Debug - EMULATOR|Any CPU.ActiveCfg = Debug|Any CPU
		{8240E6B3-6283-4C68-B2A2-8FEDD3C6D121}.Debug - EMULATOR|Any CPU.Build.0 = Debug|Any CPU
		{8240E6B3-6283-4C68-B2A2-8FEDD3C6D121}.Debug|Any CPU.ActiveCfg = Debug|Any CPU
		{8240E6B3-6283-4C68-B2A2-8FEDD3C6D121}.Debug|Any CPU.Build.0 = Debug|Any CPU
		{8240E6B3-6283-4C68-B2A2-8FEDD3C6D121}.Designer|Any CPU.ActiveCfg = Debug|Any CPU
		{8240E6B3-6283-4C68-B2A2-8FEDD3C6D121}.Designer|Any CPU.Build.0 = Debug|Any CPU
		{8240E6B3-6283-4C68-B2A2-8FEDD3C6D121}.Release - Setup|Any CPU.ActiveCfg = Release - Setup|Any CPU
		{8240E6B3-6283-4C68-B2A2-8FEDD3C6D121}.Release - Setup|Any CPU.Build.0 = Release - Setup|Any CPU
		{8240E6B3-6283-4C68-B2A2-8FEDD3C6D121}.Release (Special)|Any CPU.ActiveCfg = Release (Special)|Any CPU
		{8240E6B3-6283-4C68-B2A2-8FEDD3C6D121}.Release (Special)|Any CPU.Build.0 = Release (Special)|Any CPU
		{8240E6B3-6283-4C68-B2A2-8FEDD3C6D121}.Release|Any CPU.ActiveCfg = Release|Any CPU
		{8240E6B3-6283-4C68-B2A2-8FEDD3C6D121}.Release|Any CPU.Build.0 = Release|Any CPU
		{DD7714D8-C1A8-446F-9244-727EFBD2D284}.Debug - EMULATOR|Any CPU.ActiveCfg = Debug|Any CPU
		{DD7714D8-C1A8-446F-9244-727EFBD2D284}.Debug - EMULATOR|Any CPU.Build.0 = Debug|Any CPU
		{DD7714D8-C1A8-446F-9244-727EFBD2D284}.Debug|Any CPU.ActiveCfg = Debug|Any CPU
		{DD7714D8-C1A8-446F-9244-727EFBD2D284}.Debug|Any CPU.Build.0 = Debug|Any CPU
		{DD7714D8-C1A8-446F-9244-727EFBD2D284}.Designer|Any CPU.ActiveCfg = Debug|Any CPU
		{DD7714D8-C1A8-446F-9244-727EFBD2D284}.Designer|Any CPU.Build.0 = Debug|Any CPU
		{DD7714D8-C1A8-446F-9244-727EFBD2D284}.Release - Setup|Any CPU.ActiveCfg = Release|Any CPU
		{DD7714D8-C1A8-446F-9244-727EFBD2D284}.Release - Setup|Any CPU.Build.0 = Release|Any CPU
		{DD7714D8-C1A8-446F-9244-727EFBD2D284}.Release (Special)|Any CPU.ActiveCfg = Release|Any CPU
		{DD7714D8-C1A8-446F-9244-727EFBD2D284}.Release (Special)|Any CPU.Build.0 = Release|Any CPU
		{DD7714D8-C1A8-446F-9244-727EFBD2D284}.Release|Any CPU.ActiveCfg = Release|Any CPU
		{DD7714D8-C1A8-446F-9244-727EFBD2D284}.Release|Any CPU.Build.0 = Release|Any CPU
		{9497B497-58AB-48C1-84E1-81376343A543}.Debug - EMULATOR|Any CPU.ActiveCfg = Debug|Any CPU
		{9497B497-58AB-48C1-84E1-81376343A543}.Debug - EMULATOR|Any CPU.Build.0 = Debug|Any CPU
		{9497B497-58AB-48C1-84E1-81376343A543}.Debug - EMULATOR|Any CPU.Deploy.0 = Debug|Any CPU
		{9497B497-58AB-48C1-84E1-81376343A543}.Debug|Any CPU.ActiveCfg = Debug|Any CPU
		{9497B497-58AB-48C1-84E1-81376343A543}.Debug|Any CPU.Build.0 = Debug|Any CPU
		{9497B497-58AB-48C1-84E1-81376343A543}.Debug|Any CPU.Deploy.0 = Debug|Any CPU
		{9497B497-58AB-48C1-84E1-81376343A543}.Designer|Any CPU.ActiveCfg = Debug|Any CPU
		{9497B497-58AB-48C1-84E1-81376343A543}.Designer|Any CPU.Build.0 = Debug|Any CPU
		{9497B497-58AB-48C1-84E1-81376343A543}.Designer|Any CPU.Deploy.0 = Debug|Any CPU
		{9497B497-58AB-48C1-84E1-81376343A543}.Release - Setup|Any CPU.ActiveCfg = Release|Any CPU
		{9497B497-58AB-48C1-84E1-81376343A543}.Release - Setup|Any CPU.Build.0 = Release|Any CPU
		{9497B497-58AB-48C1-84E1-81376343A543}.Release - Setup|Any CPU.Deploy.0 = Release|Any CPU
		{9497B497-58AB-48C1-84E1-81376343A543}.Release (Special)|Any CPU.ActiveCfg = Release|Any CPU
		{9497B497-58AB-48C1-84E1-81376343A543}.Release (Special)|Any CPU.Build.0 = Release|Any CPU
		{9497B497-58AB-48C1-84E1-81376343A543}.Release (Special)|Any CPU.Deploy.0 = Release|Any CPU
		{9497B497-58AB-48C1-84E1-81376343A543}.Release|Any CPU.ActiveCfg = Release|Any CPU
		{9497B497-58AB-48C1-84E1-81376343A543}.Release|Any CPU.Build.0 = Release|Any CPU
		{9497B497-58AB-48C1-84E1-81376343A543}.Release|Any CPU.Deploy.0 = Release|Any CPU
		{8040B269-5B1B-4F10-82FF-555E3379B060}.Debug - EMULATOR|Any CPU.ActiveCfg = Debug - EMULATOR|Any CPU
		{8040B269-5B1B-4F10-82FF-555E3379B060}.Debug - EMULATOR|Any CPU.Build.0 = Debug - EMULATOR|Any CPU
		{8040B269-5B1B-4F10-82FF-555E3379B060}.Debug|Any CPU.ActiveCfg = Debug|Any CPU
		{8040B269-5B1B-4F10-82FF-555E3379B060}.Debug|Any CPU.Build.0 = Debug|Any CPU
		{8040B269-5B1B-4F10-82FF-555E3379B060}.Designer|Any CPU.ActiveCfg = Debug - EMULATOR|Any CPU
		{8040B269-5B1B-4F10-82FF-555E3379B060}.Designer|Any CPU.Build.0 = Debug - EMULATOR|Any CPU
		{8040B269-5B1B-4F10-82FF-555E3379B060}.Release - Setup|Any CPU.ActiveCfg = Release - Setup|Any CPU
		{8040B269-5B1B-4F10-82FF-555E3379B060}.Release - Setup|Any CPU.Build.0 = Release - Setup|Any CPU
		{8040B269-5B1B-4F10-82FF-555E3379B060}.Release (Special)|Any CPU.ActiveCfg = Release (Special)|Any CPU
		{8040B269-5B1B-4F10-82FF-555E3379B060}.Release (Special)|Any CPU.Build.0 = Release (Special)|Any CPU
		{8040B269-5B1B-4F10-82FF-555E3379B060}.Release|Any CPU.ActiveCfg = Release|Any CPU
		{8040B269-5B1B-4F10-82FF-555E3379B060}.Release|Any CPU.Build.0 = Release|Any CPU
		{3D6CFE32-CED7-4BAC-97E7-FE41E1339234}.Debug - EMULATOR|Any CPU.ActiveCfg = Debug|Any CPU
		{3D6CFE32-CED7-4BAC-97E7-FE41E1339234}.Debug - EMULATOR|Any CPU.Build.0 = Debug|Any CPU
		{3D6CFE32-CED7-4BAC-97E7-FE41E1339234}.Debug|Any CPU.ActiveCfg = Debug|Any CPU
		{3D6CFE32-CED7-4BAC-97E7-FE41E1339234}.Debug|Any CPU.Build.0 = Debug|Any CPU
		{3D6CFE32-CED7-4BAC-97E7-FE41E1339234}.Designer|Any CPU.ActiveCfg = Debug|Any CPU
		{3D6CFE32-CED7-4BAC-97E7-FE41E1339234}.Designer|Any CPU.Build.0 = Debug|Any CPU
		{3D6CFE32-CED7-4BAC-97E7-FE41E1339234}.Release - Setup|Any CPU.ActiveCfg = Release - Setup|Any CPU
		{3D6CFE32-CED7-4BAC-97E7-FE41E1339234}.Release - Setup|Any CPU.Build.0 = Release - Setup|Any CPU
		{3D6CFE32-CED7-4BAC-97E7-FE41E1339234}.Release (Special)|Any CPU.ActiveCfg = Release (Special)|Any CPU
		{3D6CFE32-CED7-4BAC-97E7-FE41E1339234}.Release (Special)|Any CPU.Build.0 = Release (Special)|Any CPU
		{3D6CFE32-CED7-4BAC-97E7-FE41E1339234}.Release|Any CPU.ActiveCfg = Release|Any CPU
		{3D6CFE32-CED7-4BAC-97E7-FE41E1339234}.Release|Any CPU.Build.0 = Release|Any CPU
		{2083084F-559D-4C3C-A4A0-A4B9A5E77BEC}.Debug - EMULATOR|Any CPU.ActiveCfg = Debug - EMULATOR|Any CPU
		{2083084F-559D-4C3C-A4A0-A4B9A5E77BEC}.Debug - EMULATOR|Any CPU.Build.0 = Debug - EMULATOR|Any CPU
		{2083084F-559D-4C3C-A4A0-A4B9A5E77BEC}.Debug|Any CPU.ActiveCfg = Debug|Any CPU
		{2083084F-559D-4C3C-A4A0-A4B9A5E77BEC}.Debug|Any CPU.Build.0 = Debug|Any CPU
		{2083084F-559D-4C3C-A4A0-A4B9A5E77BEC}.Designer|Any CPU.ActiveCfg = Debug - EMULATOR|Any CPU
		{2083084F-559D-4C3C-A4A0-A4B9A5E77BEC}.Designer|Any CPU.Build.0 = Debug - EMULATOR|Any CPU
		{2083084F-559D-4C3C-A4A0-A4B9A5E77BEC}.Release - Setup|Any CPU.ActiveCfg = Release - Setup|Any CPU
		{2083084F-559D-4C3C-A4A0-A4B9A5E77BEC}.Release - Setup|Any CPU.Build.0 = Release - Setup|Any CPU
		{2083084F-559D-4C3C-A4A0-A4B9A5E77BEC}.Release (Special)|Any CPU.ActiveCfg = Release (Special)|Any CPU
		{2083084F-559D-4C3C-A4A0-A4B9A5E77BEC}.Release (Special)|Any CPU.Build.0 = Release (Special)|Any CPU
		{2083084F-559D-4C3C-A4A0-A4B9A5E77BEC}.Release|Any CPU.ActiveCfg = Release|Any CPU
		{2083084F-559D-4C3C-A4A0-A4B9A5E77BEC}.Release|Any CPU.Build.0 = Release|Any CPU
		{0C2C72AB-24FA-439F-839C-E32D31B26D06}.Debug - EMULATOR|Any CPU.ActiveCfg = Debug|Any CPU
		{0C2C72AB-24FA-439F-839C-E32D31B26D06}.Debug - EMULATOR|Any CPU.Build.0 = Debug|Any CPU
		{0C2C72AB-24FA-439F-839C-E32D31B26D06}.Debug|Any CPU.ActiveCfg = Debug|Any CPU
		{0C2C72AB-24FA-439F-839C-E32D31B26D06}.Debug|Any CPU.Build.0 = Debug|Any CPU
		{0C2C72AB-24FA-439F-839C-E32D31B26D06}.Designer|Any CPU.ActiveCfg = Debug|Any CPU
		{0C2C72AB-24FA-439F-839C-E32D31B26D06}.Designer|Any CPU.Build.0 = Debug|Any CPU
		{0C2C72AB-24FA-439F-839C-E32D31B26D06}.Release - Setup|Any CPU.ActiveCfg = Release|Any CPU
		{0C2C72AB-24FA-439F-839C-E32D31B26D06}.Release - Setup|Any CPU.Build.0 = Release|Any CPU
		{0C2C72AB-24FA-439F-839C-E32D31B26D06}.Release (Special)|Any CPU.ActiveCfg = Release|Any CPU
		{0C2C72AB-24FA-439F-839C-E32D31B26D06}.Release (Special)|Any CPU.Build.0 = Release|Any CPU
		{0C2C72AB-24FA-439F-839C-E32D31B26D06}.Release|Any CPU.ActiveCfg = Release|Any CPU
		{0C2C72AB-24FA-439F-839C-E32D31B26D06}.Release|Any CPU.Build.0 = Release|Any CPU
		{09782216-EB53-4E3E-8DE0-33B7672618E0}.Debug - EMULATOR|Any CPU.ActiveCfg = Debug|Any CPU
		{09782216-EB53-4E3E-8DE0-33B7672618E0}.Debug - EMULATOR|Any CPU.Build.0 = Debug|Any CPU
		{09782216-EB53-4E3E-8DE0-33B7672618E0}.Debug|Any CPU.ActiveCfg = Debug|Any CPU
		{09782216-EB53-4E3E-8DE0-33B7672618E0}.Debug|Any CPU.Build.0 = Debug|Any CPU
		{09782216-EB53-4E3E-8DE0-33B7672618E0}.Designer|Any CPU.ActiveCfg = Debug|Any CPU
		{09782216-EB53-4E3E-8DE0-33B7672618E0}.Designer|Any CPU.Build.0 = Debug|Any CPU
		{09782216-EB53-4E3E-8DE0-33B7672618E0}.Release - Setup|Any CPU.ActiveCfg = Release - Setup|Any CPU
		{09782216-EB53-4E3E-8DE0-33B7672618E0}.Release - Setup|Any CPU.Build.0 = Release - Setup|Any CPU
		{09782216-EB53-4E3E-8DE0-33B7672618E0}.Release (Special)|Any CPU.ActiveCfg = Release (Special)|Any CPU
		{09782216-EB53-4E3E-8DE0-33B7672618E0}.Release (Special)|Any CPU.Build.0 = Release (Special)|Any CPU
		{09782216-EB53-4E3E-8DE0-33B7672618E0}.Release|Any CPU.ActiveCfg = Release|Any CPU
		{09782216-EB53-4E3E-8DE0-33B7672618E0}.Release|Any CPU.Build.0 = Release|Any CPU
		{7A441AF7-53A8-4D8B-A9E7-4E6BC8671E45}.Debug - EMULATOR|Any CPU.ActiveCfg = Debug|Any CPU
		{7A441AF7-53A8-4D8B-A9E7-4E6BC8671E45}.Debug - EMULATOR|Any CPU.Build.0 = Debug|Any CPU
		{7A441AF7-53A8-4D8B-A9E7-4E6BC8671E45}.Debug|Any CPU.ActiveCfg = Debug|Any CPU
		{7A441AF7-53A8-4D8B-A9E7-4E6BC8671E45}.Debug|Any CPU.Build.0 = Debug|Any CPU
		{7A441AF7-53A8-4D8B-A9E7-4E6BC8671E45}.Designer|Any CPU.ActiveCfg = Debug|Any CPU
		{7A441AF7-53A8-4D8B-A9E7-4E6BC8671E45}.Designer|Any CPU.Build.0 = Debug|Any CPU
		{7A441AF7-53A8-4D8B-A9E7-4E6BC8671E45}.Release - Setup|Any CPU.ActiveCfg = Release|Any CPU
		{7A441AF7-53A8-4D8B-A9E7-4E6BC8671E45}.Release - Setup|Any CPU.Build.0 = Release|Any CPU
		{7A441AF7-53A8-4D8B-A9E7-4E6BC8671E45}.Release (Special)|Any CPU.ActiveCfg = Release|Any CPU
		{7A441AF7-53A8-4D8B-A9E7-4E6BC8671E45}.Release (Special)|Any CPU.Build.0 = Release|Any CPU
		{7A441AF7-53A8-4D8B-A9E7-4E6BC8671E45}.Release|Any CPU.ActiveCfg = Release|Any CPU
		{7A441AF7-53A8-4D8B-A9E7-4E6BC8671E45}.Release|Any CPU.Build.0 = Release|Any CPU
		{A7CB6920-74F1-419C-AC12-AC323BCC484B}.Debug - EMULATOR|Any CPU.ActiveCfg = Debug|Any CPU
		{A7CB6920-74F1-419C-AC12-AC323BCC484B}.Debug - EMULATOR|Any CPU.Build.0 = Debug|Any CPU
		{A7CB6920-74F1-419C-AC12-AC323BCC484B}.Debug - EMULATOR|Any CPU.Deploy.0 = Debug|Any CPU
		{A7CB6920-74F1-419C-AC12-AC323BCC484B}.Debug|Any CPU.ActiveCfg = Debug|Any CPU
		{A7CB6920-74F1-419C-AC12-AC323BCC484B}.Debug|Any CPU.Build.0 = Debug|Any CPU
		{A7CB6920-74F1-419C-AC12-AC323BCC484B}.Debug|Any CPU.Deploy.0 = Debug|Any CPU
		{A7CB6920-74F1-419C-AC12-AC323BCC484B}.Designer|Any CPU.ActiveCfg = Debug|Any CPU
		{A7CB6920-74F1-419C-AC12-AC323BCC484B}.Designer|Any CPU.Build.0 = Debug|Any CPU
		{A7CB6920-74F1-419C-AC12-AC323BCC484B}.Designer|Any CPU.Deploy.0 = Debug|Any CPU
		{A7CB6920-74F1-419C-AC12-AC323BCC484B}.Release - Setup|Any CPU.ActiveCfg = Release|Any CPU
		{A7CB6920-74F1-419C-AC12-AC323BCC484B}.Release - Setup|Any CPU.Build.0 = Release|Any CPU
		{A7CB6920-74F1-419C-AC12-AC323BCC484B}.Release - Setup|Any CPU.Deploy.0 = Release|Any CPU
		{A7CB6920-74F1-419C-AC12-AC323BCC484B}.Release (Special)|Any CPU.ActiveCfg = Release|Any CPU
		{A7CB6920-74F1-419C-AC12-AC323BCC484B}.Release (Special)|Any CPU.Build.0 = Release|Any CPU
		{A7CB6920-74F1-419C-AC12-AC323BCC484B}.Release (Special)|Any CPU.Deploy.0 = Release|Any CPU
		{A7CB6920-74F1-419C-AC12-AC323BCC484B}.Release|Any CPU.ActiveCfg = Release|Any CPU
		{A7CB6920-74F1-419C-AC12-AC323BCC484B}.Release|Any CPU.Build.0 = Release|Any CPU
		{A7CB6920-74F1-419C-AC12-AC323BCC484B}.Release|Any CPU.Deploy.0 = Release|Any CPU
	EndGlobalSection
	GlobalSection(SolutionProperties) = preSolution
		HideSolutionNode = FALSE
	EndGlobalSection
EndGlobal
